
Microsoft Visual Studio Solution File, Format Version 12.00
# Visual Studio 14
VisualStudioVersion = 14.0.24720.0
MinimumVisualStudioVersion = 10.0.40219.1
Project("{FAE04EC0-301F-11D3-BF4B-00C04F79EFBC}") = "SmartAdminMvc", "webapp\SmartAdminMvc.csproj", "{24CA74F5-6AF8-4C67-AC79-3E648ECBEA68}"
EndProject
Project("{FAE04EC0-301F-11D3-BF4B-00C04F79EFBC}") = "SmartAdminMvc.DAL", "SmartAdminMvc.DAL\SmartAdminMvc.DAL.csproj", "{9F49046E-EA80-4343-AF26-86955D62537D}"
EndProject
Project("{FAE04EC0-301F-11D3-BF4B-00C04F79EFBC}") = "SmartAdminMvc.ArchipelagoModel", "SmartAdminMvc.ArchipelagoModel\SmartAdminMvc.ArchipelagoModel.csproj", "{FA11D22F-2119-4604-94FE-030F8ADFB02F}"
EndProject
Project("{FAE04EC0-301F-11D3-BF4B-00C04F79EFBC}") = "SmartAdminMVC.DALContusoUni", "SmartAdminMVC.DALContusoUni\SmartAdminMVC.DALContusoUni.csproj", "{1471459C-E223-4C35-85C6-B4AE20806EFC}"
EndProject
Global
	GlobalSection(SolutionConfigurationPlatforms) = preSolution
		Debug|Any CPU = Debug|Any CPU
		Release|Any CPU = Release|Any CPU
	EndGlobalSection
	GlobalSection(ProjectConfigurationPlatforms) = postSolution
		{24CA74F5-6AF8-4C67-AC79-3E648ECBEA68}.Debug|Any CPU.ActiveCfg = Debug|Any CPU
		{24CA74F5-6AF8-4C67-AC79-3E648ECBEA68}.Debug|Any CPU.Build.0 = Debug|Any CPU
		{24CA74F5-6AF8-4C67-AC79-3E648ECBEA68}.Release|Any CPU.ActiveCfg = Release|Any CPU
		{24CA74F5-6AF8-4C67-AC79-3E648ECBEA68}.Release|Any CPU.Build.0 = Release|Any CPU
		{9F49046E-EA80-4343-AF26-86955D62537D}.Debug|Any CPU.ActiveCfg = Debug|Any CPU
		{9F49046E-EA80-4343-AF26-86955D62537D}.Debug|Any CPU.Build.0 = Debug|Any CPU
		{9F49046E-EA80-4343-AF26-86955D62537D}.Release|Any CPU.ActiveCfg = Release|Any CPU
		{9F49046E-EA80-4343-AF26-86955D62537D}.Release|Any CPU.Build.0 = Release|Any CPU
		{FA11D22F-2119-4604-94FE-030F8ADFB02F}.Debug|Any CPU.ActiveCfg = Debug|Any CPU
		{FA11D22F-2119-4604-94FE-030F8ADFB02F}.Debug|Any CPU.Build.0 = Debug|Any CPU
		{FA11D22F-2119-4604-94FE-030F8ADFB02F}.Release|Any CPU.ActiveCfg = Release|Any CPU
		{FA11D22F-2119-4604-94FE-030F8ADFB02F}.Release|Any CPU.Build.0 = Release|Any CPU
		{1471459C-E223-4C35-85C6-B4AE20806EFC}.Debug|Any CPU.ActiveCfg = Debug|Any CPU
		{1471459C-E223-4C35-85C6-B4AE20806EFC}.Debug|Any CPU.Build.0 = Debug|Any CPU
		{1471459C-E223-4C35-85C6-B4AE20806EFC}.Release|Any CPU.ActiveCfg = Release|Any CPU
		{1471459C-E223-4C35-85C6-B4AE20806EFC}.Release|Any CPU.Build.0 = Release|Any CPU
	EndGlobalSection
	GlobalSection(SolutionProperties) = preSolution
		HideSolutionNode = FALSE
	EndGlobalSection
EndGlobal
